
Microsoft Visual Studio Solution File, Format Version 12.00
# Visual Studio Version 17
VisualStudioVersion = 17.7.34202.233
MinimumVisualStudioVersion = 10.0.40219.1
Project("{9A19103F-16F7-4668-BE54-9A1E7A4F7556}") = "Workaround", "Workaround\Workaround.csproj", "{D83FFE18-48ED-4296-9D12-D7C06B887E69}"
EndProject
Project("{9A19103F-16F7-4668-BE54-9A1E7A4F7556}") = "Entities", "Entities\Entities.csproj", "{337C0396-95D2-4471-ACB5-A8ABF2CAC524}"
EndProject
Project("{FAE04EC0-301F-11D3-BF4B-00C04F79EFBC}") = "Business", "Business\Business.csproj", "{EA6C8046-B77A-45D1-A4F4-1CD36C3C618E}"
EndProject
Global
	GlobalSection(SolutionConfigurationPlatforms) = preSolution
		Debug|Any CPU = Debug|Any CPU
		Release|Any CPU = Release|Any CPU
	EndGlobalSection
	GlobalSection(ProjectConfigurationPlatforms) = postSolution
		{D83FFE18-48ED-4296-9D12-D7C06B887E69}.Debug|Any CPU.ActiveCfg = Debug|Any CPU
		{D83FFE18-48ED-4296-9D12-D7C06B887E69}.Debug|Any CPU.Build.0 = Debug|Any CPU
		{D83FFE18-48ED-4296-9D12-D7C06B887E69}.Release|Any CPU.ActiveCfg = Release|Any CPU
		{D83FFE18-48ED-4296-9D12-D7C06B887E69}.Release|Any CPU.Build.0 = Release|Any CPU
		{337C0396-95D2-4471-ACB5-A8ABF2CAC524}.Debug|Any CPU.ActiveCfg = Debug|Any CPU
		{337C0396-95D2-4471-ACB5-A8ABF2CAC524}.Debug|Any CPU.Build.0 = Debug|Any CPU
		{337C0396-95D2-4471-ACB5-A8ABF2CAC524}.Release|Any CPU.ActiveCfg = Release|Any CPU
		{337C0396-95D2-4471-ACB5-A8ABF2CAC524}.Release|Any CPU.Build.0 = Release|Any CPU
		{EA6C8046-B77A-45D1-A4F4-1CD36C3C618E}.Debug|Any CPU.ActiveCfg = Debug|Any CPU
		{EA6C8046-B77A-45D1-A4F4-1CD36C3C618E}.Debug|Any CPU.Build.0 = Debug|Any CPU
		{EA6C8046-B77A-45D1-A4F4-1CD36C3C618E}.Release|Any CPU.ActiveCfg = Release|Any CPU
		{EA6C8046-B77A-45D1-A4F4-1CD36C3C618E}.Release|Any CPU.Build.0 = Release|Any CPU
	EndGlobalSection
	GlobalSection(SolutionProperties) = preSolution
		HideSolutionNode = FALSE
	EndGlobalSection
	GlobalSection(ExtensibilityGlobals) = postSolution
		SolutionGuid = {A35B4D46-57DE-4881-8A63-7F0F2E5572E4}
	EndGlobalSection
EndGlobal
